
Microsoft Visual Studio Solution File, Format Version 12.00
# Visual Studio Version 16
VisualStudioVersion = 16.0.29709.97
MinimumVisualStudioVersion = 10.0.40219.1
Project("{FAE04EC0-301F-11D3-BF4B-00C04F79EFBC}") = "ColourConverters", "ColourConverters.csproj", "{AD5C4738-C54B-4AD6-BD15-16EBB5D45487}"
EndProject
Project("{FAE04EC0-301F-11D3-BF4B-00C04F79EFBC}") = "UnitTestColourConverters", "..\UnitTestColourConverters\UnitTestColourConverters.csproj", "{9012A22A-7B4B-4D3E-82D1-E10D065BEDEF}"
EndProject
Global
	GlobalSection(SolutionConfigurationPlatforms) = preSolution
		Debug|Any CPU = Debug|Any CPU
		Debug|x64 = Debug|x64
		Release|Any CPU = Release|Any CPU
		Release|x64 = Release|x64
	EndGlobalSection
	GlobalSection(ProjectConfigurationPlatforms) = postSolution
		{AD5C4738-C54B-4AD6-BD15-16EBB5D45487}.Debug|Any CPU.ActiveCfg = Debug|Any CPU
		{AD5C4738-C54B-4AD6-BD15-16EBB5D45487}.Debug|Any CPU.Build.0 = Debug|Any CPU
		{AD5C4738-C54B-4AD6-BD15-16EBB5D45487}.Debug|x64.ActiveCfg = Debug|x64
		{AD5C4738-C54B-4AD6-BD15-16EBB5D45487}.Debug|x64.Build.0 = Debug|x64
		{AD5C4738-C54B-4AD6-BD15-16EBB5D45487}.Release|Any CPU.ActiveCfg = Release|Any CPU
		{AD5C4738-C54B-4AD6-BD15-16EBB5D45487}.Release|Any CPU.Build.0 = Release|Any CPU
		{AD5C4738-C54B-4AD6-BD15-16EBB5D45487}.Release|x64.ActiveCfg = Release|x64
		{AD5C4738-C54B-4AD6-BD15-16EBB5D45487}.Release|x64.Build.0 = Release|x64
		{9012A22A-7B4B-4D3E-82D1-E10D065BEDEF}.Debug|Any CPU.ActiveCfg = Debug|Any CPU
		{9012A22A-7B4B-4D3E-82D1-E10D065BEDEF}.Debug|Any CPU.Build.0 = Debug|Any CPU
		{9012A22A-7B4B-4D3E-82D1-E10D065BEDEF}.Debug|x64.ActiveCfg = Debug|Any CPU
		{9012A22A-7B4B-4D3E-82D1-E10D065BEDEF}.Debug|x64.Build.0 = Debug|Any CPU
		{9012A22A-7B4B-4D3E-82D1-E10D065BEDEF}.Release|Any CPU.ActiveCfg = Release|Any CPU
		{9012A22A-7B4B-4D3E-82D1-E10D065BEDEF}.Release|Any CPU.Build.0 = Release|Any CPU
		{9012A22A-7B4B-4D3E-82D1-E10D065BEDEF}.Release|x64.ActiveCfg = Release|Any CPU
		{9012A22A-7B4B-4D3E-82D1-E10D065BEDEF}.Release|x64.Build.0 = Release|Any CPU
	EndGlobalSection
	GlobalSection(SolutionProperties) = preSolution
		HideSolutionNode = FALSE
	EndGlobalSection
	GlobalSection(ExtensibilityGlobals) = postSolution
		SolutionGuid = {90043EF8-6F46-46CC-939D-C2493E44EC11}
	EndGlobalSection
EndGlobal
